
Microsoft Visual Studio Solution File, Format Version 12.00
# Visual Studio Version 18
VisualStudioVersion = 18.4.11626.88
MinimumVisualStudioVersion = 10.0.40219.1
Project("{9A19103F-16F7-4668-BE54-9A1E7A4F7556}") = "RaceLogic", "RaceLogic\RaceLogic.csproj", "{B8E009C6-E96D-4F27-896E-020984A76B21}"
EndProject
Project("{FAE04EC0-301F-11D3-BF4B-00C04F79EFBC}") = "Hekki.Domain", "Hekki.Domain\Hekki.Domain.csproj", "{4620D739-C4DD-4EC7-B1E3-FA276919EB68}"
EndProject
Project("{FAE04EC0-301F-11D3-BF4B-00C04F79EFBC}") = "Hekki.Application", "Hekki.Application\Hekki.Application.csproj", "{642C212A-3618-4487-9B20-2B6B2C9B1038}"
EndProject
Project("{FAE04EC0-301F-11D3-BF4B-00C04F79EFBC}") = "Hekki.Infrastructure", "Hekki.Infrastructure\Hekki.Infrastructure.csproj", "{5FFA925C-4F9E-43C4-AA69-A876101E4021}"
EndProject
Project("{FAE04EC0-301F-11D3-BF4B-00C04F79EFBC}") = "Hekki.UI", "Hekki.UI\Hekki.UI.csproj", "{47425938-0320-471C-B3A9-263FACC83330}"
EndProject
Project("{FAE04EC0-301F-11D3-BF4B-00C04F79EFBC}") = "Hekki.UI.Tests", "Hekki.UI.Tests\Hekki.UI.Tests.csproj", "{79B70CD2-09E8-4FDB-9951-502D7D67DF75}"
EndProject
Global
	GlobalSection(SolutionConfigurationPlatforms) = preSolution
		Debug|Any CPU = Debug|Any CPU
		Release|Any CPU = Release|Any CPU
	EndGlobalSection
	GlobalSection(ProjectConfigurationPlatforms) = postSolution
		{B8E009C6-E96D-4F27-896E-020984A76B21}.Debug|Any CPU.ActiveCfg = Debug|Any CPU
		{B8E009C6-E96D-4F27-896E-020984A76B21}.Debug|Any CPU.Build.0 = Debug|Any CPU
		{B8E009C6-E96D-4F27-896E-020984A76B21}.Release|Any CPU.ActiveCfg = Release|Any CPU
		{B8E009C6-E96D-4F27-896E-020984A76B21}.Release|Any CPU.Build.0 = Release|Any CPU
		{4620D739-C4DD-4EC7-B1E3-FA276919EB68}.Debug|Any CPU.ActiveCfg = Debug|Any CPU
		{4620D739-C4DD-4EC7-B1E3-FA276919EB68}.Debug|Any CPU.Build.0 = Debug|Any CPU
		{4620D739-C4DD-4EC7-B1E3-FA276919EB68}.Release|Any CPU.ActiveCfg = Release|Any CPU
		{4620D739-C4DD-4EC7-B1E3-FA276919EB68}.Release|Any CPU.Build.0 = Release|Any CPU
		{642C212A-3618-4487-9B20-2B6B2C9B1038}.Debug|Any CPU.ActiveCfg = Debug|Any CPU
		{642C212A-3618-4487-9B20-2B6B2C9B1038}.Debug|Any CPU.Build.0 = Debug|Any CPU
		{642C212A-3618-4487-9B20-2B6B2C9B1038}.Release|Any CPU.ActiveCfg = Release|Any CPU
		{642C212A-3618-4487-9B20-2B6B2C9B1038}.Release|Any CPU.Build.0 = Release|Any CPU
		{5FFA925C-4F9E-43C4-AA69-A876101E4021}.Debug|Any CPU.ActiveCfg = Debug|Any CPU
		{5FFA925C-4F9E-43C4-AA69-A876101E4021}.Debug|Any CPU.Build.0 = Debug|Any CPU
		{5FFA925C-4F9E-43C4-AA69-A876101E4021}.Release|Any CPU.ActiveCfg = Release|Any CPU
		{5FFA925C-4F9E-43C4-AA69-A876101E4021}.Release|Any CPU.Build.0 = Release|Any CPU
		{47425938-0320-471C-B3A9-263FACC83330}.Debug|Any CPU.ActiveCfg = Debug|Any CPU
		{47425938-0320-471C-B3A9-263FACC83330}.Debug|Any CPU.Build.0 = Debug|Any CPU
		{47425938-0320-471C-B3A9-263FACC83330}.Release|Any CPU.ActiveCfg = Release|Any CPU
		{47425938-0320-471C-B3A9-263FACC83330}.Release|Any CPU.Build.0 = Release|Any CPU
		{79B70CD2-09E8-4FDB-9951-502D7D67DF75}.Debug|Any CPU.ActiveCfg = Debug|Any CPU
		{79B70CD2-09E8-4FDB-9951-502D7D67DF75}.Debug|Any CPU.Build.0 = Debug|Any CPU
		{79B70CD2-09E8-4FDB-9951-502D7D67DF75}.Release|Any CPU.ActiveCfg = Release|Any CPU
		{79B70CD2-09E8-4FDB-9951-502D7D67DF75}.Release|Any CPU.Build.0 = Release|Any CPU
	EndGlobalSection
	GlobalSection(SolutionProperties) = preSolution
		HideSolutionNode = FALSE
	EndGlobalSection
	GlobalSection(ExtensibilityGlobals) = postSolution
		SolutionGuid = {5660CE37-9D4D-4871-80CF-C636DDA2D1BA}
	EndGlobalSection
EndGlobal
